
Microsoft Visual Studio Solution File, Format Version 12.00
# Visual Studio Version 17
VisualStudioVersion = 17.8.34330.188
MinimumVisualStudioVersion = 10.0.40219.1
Project("{FAE04EC0-301F-11D3-BF4B-00C04F79EFBC}") = "WebAPIRepoPattern", "WebAPIRepoPattern\WebAPIRepoPattern.csproj", "{90FF9EFD-F92E-4358-BB89-B98D8C8B664C}"
EndProject
Global
	GlobalSection(SolutionConfigurationPlatforms) = preSolution
		Debug|Any CPU = Debug|Any CPU
		Release|Any CPU = Release|Any CPU
	EndGlobalSection
	GlobalSection(ProjectConfigurationPlatforms) = postSolution
		{90FF9EFD-F92E-4358-BB89-B98D8C8B664C}.Debug|Any CPU.ActiveCfg = Debug|Any CPU
		{90FF9EFD-F92E-4358-BB89-B98D8C8B664C}.Debug|Any CPU.Build.0 = Debug|Any CPU
		{90FF9EFD-F92E-4358-BB89-B98D8C8B664C}.Release|Any CPU.ActiveCfg = Release|Any CPU
		{90FF9EFD-F92E-4358-BB89-B98D8C8B664C}.Release|Any CPU.Build.0 = Release|Any CPU
	EndGlobalSection
	GlobalSection(SolutionProperties) = preSolution
		HideSolutionNode = FALSE
	EndGlobalSection
	GlobalSection(ExtensibilityGlobals) = postSolution
		SolutionGuid = {E3D63E97-7664-467E-9D9E-6B595475607D}
	EndGlobalSection
EndGlobal
